lowbit.dev/cooper v0.2.0 h1:RYhIaxnPngemJ+7x0wxlrgvP9uHrHhzRTPdd2xFlPjA=
lowbit.dev/cooper v0.2.0/go.mod h1:IOg+HMn3bjRnAQ4xHh21V5nt9Z5Y4OxfA6Z07bFW1f8=
lowbit.dev/muxx v0.1.0 h1:KDSgZlSQKFLT49kH5wMAGW4Pno1/oFj0Bcave3aKmPU=
lowbit.dev/muxx v0.1.0/go.mod h1:jQO0furybqyH+z31cgYnp59mHuwEb7oUliA22hqkJfE=
lowbit.dev/netargv v0.1.0 h1:l3viwls2vNUgl8qNp+9TJXhzw0TcyEaskK4xd6yjCJ8=
lowbit.dev/netargv v0.1.0/go.mod h1:EXf9U1OHh/5HPZh+4zdH7k1qnLG03Rh1dUV/tCyefb4=
lowbit.dev/problemjson v0.1.0 h1:GCduqKyO38KYDriMCVZacvPe16J9q3PUFjKL6gEJF70=
lowbit.dev/problemjson v0.1.0/go.mod h1:P8o+LVbxoQItiUkwzwk3qR1NvLpWE8+C0c3hLsdUzI4=
lowbit.dev/retry v0.1.0 h1:M5U34qXwFDSIty9oukrcDD+b6V+W/ZOiRPr/I3xnGOU=
lowbit.dev/retry v0.1.0/go.mod h1:cKl0fGE7TfQnIpO/r8aetY3xQQVGYePetTxIS4pOaBM=
lowbit.dev/rungroup v0.1.0 h1:zdhCJ+7r98OsO9+/9oedyeQRC2dgffnUWecIJnhtDQg=
lowbit.dev/rungroup v0.1.0/go.mod h1:5VsVoN9JFkEbht5iw+INZlUrB/dEbZFPbBPiBZLhQFU=
lowbit.dev/seriallane v0.1.0 h1:6Ylr4XJYupiIC+yzq9Jfa8tBMD5s13w79OpE+TaKOV4=
lowbit.dev/seriallane v0.1.0/go.mod h1:zyTPDCdMoOpt468zeI3u120IkM9cfZNDjVYWVJ6lgC8=
lowbit.dev/sets v0.1.0 h1:/lZBrq1ofOqR6GB+ID8SrgK+TtHUUHQ0GfDJ9wun/MM=
lowbit.dev/sets v0.1.0/go.mod h1:9hNK9sJJvHTYc1WxhiGNiq/n9IYfRI0sLalhGW204aY=
lowbit.dev/topic v0.1.0 h1:HhRaAz7Q/llzYjbFdJknnFb9IYwRKNWvTkAEZI8/w50=
lowbit.dev/topic v0.1.0/go.mod h1:SX2PXPmt7WcfaMe+cYL6ykA4ZMq2UGL+E4TaBQIp5uI=
lowbit.dev/ulid v0.1.0 h1:3IbvDfylla7uxLRS7vUM0eL2QnHxbrpWxSaWcdSt9nQ=
lowbit.dev/ulid v0.1.0/go.mod h1:66HMU+g3g6TxKPnxCycRCi1B5Pr/SB7u6TgcaAepCfw=
lowbit.dev/urlsign v0.1.0 h1:7/psXqMmDWwE/TRKt9Rwhy2Wels/R28vyXyhf0CfLl8=
lowbit.dev/urlsign v0.1.0/go.mod h1:0oEbc7OKhF5q3Hfa2lQIItGVebqLqPiRw9l46C0V1xI=
lowbit.dev/verreg v0.1.0 h1:KYVzLW3aCgG2Um5aiI7oDPptd54ZymQJ0QlzeR6TMB8=
lowbit.dev/verreg v0.1.0/go.mod h1:ognWHRtHpfLTljQdh9CZ+TP2IjuPI1JyzXkbulVrYO0=
