github.com/davecgh/go-spew v1.1.1 h1:vj9j/u1bqnvCEfJOwUhtlOARqs3+rkHYY13jYWTU97c=
github.com/davecgh/go-spew v1.1.1/go.mod h1:J7Y8YcW2NihsgmVo/mv3lAwl/skON4iLHjSsI+c5H38=
github.com/ebitengine/purego v0.10.2 h1:W809HbnvzAxgdm+aOvlSekrM16wGCdT/e76+9tS7gzE=
github.com/ebitengine/purego v0.10.2/go.mod h1:iIjxzd6CiRiOG0UyXP+V1+jWqUXVjPKLAI0mRfJZTmQ=
github.com/go-ole/go-ole v1.2.6 h1:/Fpf6oFPoeFik9ty7siob0G6Ke8QvQEuVcuChpwXzpY=
github.com/go-ole/go-ole v1.2.6/go.mod h1:pprOEPIfldk/42T2oK7lQ4v4JSDwmV0As9GaiUsvbm0=
github.com/google/go-cmp v0.5.6/go.mod h1:v8dTdLbMG2kIc/vJvl+f65V22dbkXbowE6jgT/gNBxE=
github.com/google/go-cmp v0.7.0 h1:wk8382ETsv4JYUZwIsn6YpYiWiBsYLSJiTsyBybVuN8=
github.com/google/go-cmp v0.7.0/go.mod h1:pXiqmnSA92OHEEa9HXL2W4E7lf9JzCmGVUdgjX3N/iU=
github.com/lufia/plan9stats v0.0.0-20211012122336-39d0f177ccd0 h1:6E+4a0GO5zZEnZ81pIr0yLvtUWk2if982qA3F3QD6H4=
github.com/lufia/plan9stats v0.0.0-20211012122336-39d0f177ccd0/go.mod h1:zJYVVT2jmtg6P3p1VtQj7WsuWi/y4VnjVBn7F8KPB3I=
github.com/pmezard/go-difflib v1.0.0 h1:4DBwDE0NGyQoBHbLQYPwSUPoCMWR5BEzIk/f1lZbAQM=
github.com/pmezard/go-difflib v1.0.0/go.mod h1:iKH77koFhYxTK1pcRnkKkqfTogsbg7gZNVY4sRDYZ/4=
github.com/power-devops/perfstat v0.0.0-20240221224432-82ca36839d55 h1:o4JXh1EVt9k/+g42oCprj/FisM4qX9L3sZB3upGN2ZU=
github.com/power-devops/perfstat v0.0.0-20240221224432-82ca36839d55/go.mod h1:OmDBASR4679mdNQnz2pUhc2G8CO2JrUAVFDRBDP/hJE=
github.com/shirou/gopsutil/v4 v4.26.7 h1:IXzpHz/dkMRYAhKkOXr1HB6SuzWU3eoyyeWe7g3bNZc=
github.com/shirou/gopsutil/v4 v4.26.7/go.mod h1:5O9FjBiXoTDFatIWjZZosqj4pV0DRtLx598xGbBehzM=
github.com/stretchr/testify v1.11.1 h1:7s2iGBzp5EwR7/aIZr8ao5+dra3wiQyKjjFuvgVKu7U=
github.com/stretchr/testify v1.11.1/go.mod h1:wZwfW3scLgRK+23gO65QZefKpKQRnfz6sD981Nm4B6U=
github.com/tklauser/go-sysconf v0.3.16 h1:frioLaCQSsF5Cy1jgRBrzr6t502KIIwQ0MArYICU0nA=
github.com/tklauser/go-sysconf v0.3.16/go.mod h1:/qNL9xxDhc7tx3HSRsLWNnuzbVfh3e7gh/BmM179nYI=
github.com/tklauser/numcpus v0.11.0 h1:nSTwhKH5e1dMNsCdVBukSZrURJRoHbSEQjdEbY+9RXw=
github.com/tklauser/numcpus v0.11.0/go.mod h1:z+LwcLq54uWZTX0u/bGobaV34u6V7KNlTZejzM6/3MQ=
github.com/yusufpapurcu/wmi v1.2.4 h1:zFUKzehAFReQwLys1b/iSMl+JQGSCSjtVqQn9bBrPo0=
github.com/yusufpapurcu/wmi v1.2.4/go.mod h1:SBZ9tNy3G9/m5Oi98Zks0QjeHVDvuK0qfxQmPyzfmi0=
golang.org/x/sys v0.0.0-20190916202348-b4ddaad3f8a3/go.mod h1:h1NjWce9XRLGQEsW7wpKNCjG9DtNlClVuFLEZdDNbEs=
golang.org/x/sys v0.0.0-20201204225414-ed752295db88/go.mod h1:h1NjWce9XRLGQEsW7wpKNCjG9DtNlClVuFLEZdDNbEs=
golang.org/x/sys v0.41.0 h1:Ivj+2Cp/ylzLiEU89QhWblYnOE9zerudt9Ftecq2C6k=
golang.org/x/sys v0.41.0/go.mod h1:OgkHotnGiDImocRcuBABYBEXf8A9a87e/uXjp9XT3ks=
golang.org/x/xerrors v0.0.0-20191204190536-9bdfabe68543/go.mod h1:I/5z698sn9Ka8TeJc9MKroUUfqBBauWjQqLJ2OPfmY0=
gopkg.in/yaml.v3 v3.0.1 h1:fxVm/GzAzEWqLHuvctI91KS9hhNmmWOoWu0XTYJS7CA=
gopkg.in/yaml.v3 v3.0.1/go.mod h1:K4uyk7z7BCEPqu6E+C64Yfv1cQ7kz7rIZviUmN+EgEM=
lowbit.dev/cooper v0.2.0 h1:RYhIaxnPngemJ+7x0wxlrgvP9uHrHhzRTPdd2xFlPjA=
lowbit.dev/cooper v0.2.0/go.mod h1:IOg+HMn3bjRnAQ4xHh21V5nt9Z5Y4OxfA6Z07bFW1f8=
lowbit.dev/muxx v0.1.0 h1:KDSgZlSQKFLT49kH5wMAGW4Pno1/oFj0Bcave3aKmPU=
lowbit.dev/muxx v0.1.0/go.mod h1:jQO0furybqyH+z31cgYnp59mHuwEb7oUliA22hqkJfE=
lowbit.dev/netargv v0.1.0 h1:l3viwls2vNUgl8qNp+9TJXhzw0TcyEaskK4xd6yjCJ8=
lowbit.dev/netargv v0.1.0/go.mod h1:EXf9U1OHh/5HPZh+4zdH7k1qnLG03Rh1dUV/tCyefb4=
lowbit.dev/problemjson v0.1.0 h1:GCduqKyO38KYDriMCVZacvPe16J9q3PUFjKL6gEJF70=
lowbit.dev/problemjson v0.1.0/go.mod h1:P8o+LVbxoQItiUkwzwk3qR1NvLpWE8+C0c3hLsdUzI4=
lowbit.dev/retry v0.1.0 h1:M5U34qXwFDSIty9oukrcDD+b6V+W/ZOiRPr/I3xnGOU=
lowbit.dev/retry v0.1.0/go.mod h1:cKl0fGE7TfQnIpO/r8aetY3xQQVGYePetTxIS4pOaBM=
lowbit.dev/rungroup v0.1.0 h1:zdhCJ+7r98OsO9+/9oedyeQRC2dgffnUWecIJnhtDQg=
lowbit.dev/rungroup v0.1.0/go.mod h1:5VsVoN9JFkEbht5iw+INZlUrB/dEbZFPbBPiBZLhQFU=
lowbit.dev/seriallane v0.1.0 h1:6Ylr4XJYupiIC+yzq9Jfa8tBMD5s13w79OpE+TaKOV4=
lowbit.dev/seriallane v0.1.0/go.mod h1:zyTPDCdMoOpt468zeI3u120IkM9cfZNDjVYWVJ6lgC8=
lowbit.dev/sets v0.1.0 h1:/lZBrq1ofOqR6GB+ID8SrgK+TtHUUHQ0GfDJ9wun/MM=
lowbit.dev/sets v0.1.0/go.mod h1:9hNK9sJJvHTYc1WxhiGNiq/n9IYfRI0sLalhGW204aY=
lowbit.dev/topic v0.1.0 h1:HhRaAz7Q/llzYjbFdJknnFb9IYwRKNWvTkAEZI8/w50=
lowbit.dev/topic v0.1.0/go.mod h1:SX2PXPmt7WcfaMe+cYL6ykA4ZMq2UGL+E4TaBQIp5uI=
lowbit.dev/ulid v0.1.0 h1:3IbvDfylla7uxLRS7vUM0eL2QnHxbrpWxSaWcdSt9nQ=
lowbit.dev/ulid v0.1.0/go.mod h1:66HMU+g3g6TxKPnxCycRCi1B5Pr/SB7u6TgcaAepCfw=
lowbit.dev/urlsign v0.1.0 h1:7/psXqMmDWwE/TRKt9Rwhy2Wels/R28vyXyhf0CfLl8=
lowbit.dev/urlsign v0.1.0/go.mod h1:0oEbc7OKhF5q3Hfa2lQIItGVebqLqPiRw9l46C0V1xI=
lowbit.dev/verreg v0.1.0 h1:KYVzLW3aCgG2Um5aiI7oDPptd54ZymQJ0QlzeR6TMB8=
lowbit.dev/verreg v0.1.0/go.mod h1:ognWHRtHpfLTljQdh9CZ+TP2IjuPI1JyzXkbulVrYO0=
